
Microsoft Visual Studio Solution File, Format Version 12.00
# Visual Studio Version 17
VisualStudioVersion = 17.4.33213.308
MinimumVisualStudioVersion = 10.0.40219.1
Project("{FAE04EC0-301F-11D3-BF4B-00C04F79EFBC}") = "ConversorTemperatuda", "ConversorTemperatuda\ConversorTemperatuda.csproj", "{CA833944-86CC-48FB-AF0A-F1C3318F2569}"
EndProject
Global
	GlobalSection(SolutionConfigurationPlatforms) = preSolution
		Debug|Any CPU = Debug|Any CPU
		Release|Any CPU = Release|Any CPU
	EndGlobalSection
	GlobalSection(ProjectConfigurationPlatforms) = postSolution
		{CA833944-86CC-48FB-AF0A-F1C3318F2569}.Debug|Any CPU.ActiveCfg = Debug|Any CPU
		{CA833944-86CC-48FB-AF0A-F1C3318F2569}.Debug|Any CPU.Build.0 = Debug|Any CPU
		{CA833944-86CC-48FB-AF0A-F1C3318F2569}.Release|Any CPU.ActiveCfg = Release|Any CPU
		{CA833944-86CC-48FB-AF0A-F1C3318F2569}.Release|Any CPU.Build.0 = Release|Any CPU
	EndGlobalSection
	GlobalSection(SolutionProperties) = preSolution
		HideSolutionNode = FALSE
	EndGlobalSection
	GlobalSection(ExtensibilityGlobals) = postSolution
		SolutionGuid = {15D314DB-F603-4BBB-826F-797C3F4030C2}
	EndGlobalSection
EndGlobal
